
Microsoft Visual Studio Solution File, Format Version 12.00
# Visual Studio Version 17
VisualStudioVersion = 17.8.34330.188
MinimumVisualStudioVersion = 10.0.40219.1
Project("{9A19103F-16F7-4668-BE54-9A1E7A4F7556}") = "SeaBattle", "SeaBattle\SeaBattle.csproj", "{D18CF3FE-5719-42F3-906B-3740528EFA99}"
EndProject
Project("{9A19103F-16F7-4668-BE54-9A1E7A4F7556}") = "SeaBattleEngine", "SeaBattleEngine\SeaBattleEngine.csproj", "{7AA37B1C-444F-45B5-AB1C-937782889AA4}"
EndProject
Project("{FAE04EC0-301F-11D3-BF4B-00C04F79EFBC}") = "SeaBattleEngineTests", "SeaBattleEngineTests\SeaBattleEngineTests.csproj", "{B84225C5-E648-45BC-9387-3910A2D83C02}"
EndProject
Global
	GlobalSection(SolutionConfigurationPlatforms) = preSolution
		Debug|Any CPU = Debug|Any CPU
		Release|Any CPU = Release|Any CPU
	EndGlobalSection
	GlobalSection(ProjectConfigurationPlatforms) = postSolution
		{D18CF3FE-5719-42F3-906B-3740528EFA99}.Debug|Any CPU.ActiveCfg = Debug|Any CPU
		{D18CF3FE-5719-42F3-906B-3740528EFA99}.Debug|Any CPU.Build.0 = Debug|Any CPU
		{D18CF3FE-5719-42F3-906B-3740528EFA99}.Release|Any CPU.ActiveCfg = Release|Any CPU
		{D18CF3FE-5719-42F3-906B-3740528EFA99}.Release|Any CPU.Build.0 = Release|Any CPU
		{7AA37B1C-444F-45B5-AB1C-937782889AA4}.Debug|Any CPU.ActiveCfg = Debug|Any CPU
		{7AA37B1C-444F-45B5-AB1C-937782889AA4}.Debug|Any CPU.Build.0 = Debug|Any CPU
		{7AA37B1C-444F-45B5-AB1C-937782889AA4}.Release|Any CPU.ActiveCfg = Release|Any CPU
		{7AA37B1C-444F-45B5-AB1C-937782889AA4}.Release|Any CPU.Build.0 = Release|Any CPU
		{B84225C5-E648-45BC-9387-3910A2D83C02}.Debug|Any CPU.ActiveCfg = Debug|Any CPU
		{B84225C5-E648-45BC-9387-3910A2D83C02}.Debug|Any CPU.Build.0 = Debug|Any CPU
		{B84225C5-E648-45BC-9387-3910A2D83C02}.Release|Any CPU.ActiveCfg = Release|Any CPU
		{B84225C5-E648-45BC-9387-3910A2D83C02}.Release|Any CPU.Build.0 = Release|Any CPU
	EndGlobalSection
	GlobalSection(SolutionProperties) = preSolution
		HideSolutionNode = FALSE
	EndGlobalSection
	GlobalSection(ExtensibilityGlobals) = postSolution
		SolutionGuid = {28FA4E3F-0EF1-40D7-A779-07B1B3A12CE0}
	EndGlobalSection
EndGlobal
